{
  "name": "jhughes",
  "version": "1.0.0",
  "lockfileVersion": 1,
  "requires": true,
  "dependencies": {
    "bulma": {
      "version": "0.7.2",
      "resolved": "https://registry.npmjs.org/bulma/-/bulma-0.7.2.tgz",
      "integrity": "sha512-6JHEu8U/1xsyOst/El5ImLcZIiE2JFXgvrz8GGWbnDLwTNRPJzdAM0aoUM1Ns0avALcVb6KZz9NhzmU53dGDcQ=="
    },
    "bulma-carousel": {
      "version": "3.0.0",
      "resolved": "https://registry.npmjs.org/bulma-carousel/-/bulma-carousel-3.0.0.tgz",
      "integrity": "sha512-K+ZLbf6BbzSY+b9+aYkr7O1XaK3NpxnH+Rgcg10YOSsCPQjuT/J+Euw5nViV7RZ7H4IqIYtA5e2GcZ20enPWdQ=="
    },
    "bulma-divider": {
      "version": "2.0.1",
      "resolved": "https://registry.npmjs.org/bulma-divider/-/bulma-divider-2.0.1.tgz",
      "integrity": "sha512-ooDFcAcOXC18urRMqRgah/8UuvU4N0Bpbs4HlSTxjxRW7usZluyBekEDBlQQ1VlYirVmvUpExs6S5pDSi92yDg=="
    }
  }
}
